// !$*UTF8*$!
{
	archiveVersion = 1;
	classes = {
	};
	objectVersion = 55;
	objects = {

/* Begin PBXBuildFile section */
		35985D3F7A5ABB45206C5738 /* Pods_graphqlexample.framework in Frameworks */ = {isa = PBXBuildFile; fileRef = 955FCEBBAF9D8EC2A2239AEB /* Pods_graphqlexample.framework */; };
		A11BA1BA27A97514003DBED2 /* CardView.swift in Sources */ = {isa = PBXBuildFile; fileRef = A11BA1B927A97514003DBED2 /* CardView.swift */; };
		A1A2ACBA27A80BE2005C4DC9 /* queries.graphql in Resources */ = {isa = PBXBuildFile; fileRef = A1A2ACB927A80BE2005C4DC9 /* queries.graphql */; };
		A1A2ACCE27A816D9005C4DC9 /* Podfile in Resources */ = {isa = PBXBuildFile; fileRef = A1A2ACCD27A816D9005C4DC9 /* Podfile */; };
		A1A2ACD327A8180E005C4DC9 /* API.swift in Sources */ = {isa = PBXBuildFile; fileRef = A1A2ACD227A8180E005C4DC9 /* API.swift */; };
		A1A2ACD627A823ED005C4DC9 /* NetworkClient.swift in Sources */ = {isa = PBXBuildFile; fileRef = A1A2ACD527A823ED005C4DC9 /* NetworkClient.swift */; };
		A1A2ACD927A82567005C4DC9 /* BaseRepository.swift in Sources */ = {isa = PBXBuildFile; fileRef = A1A2ACD827A82567005C4DC9 /* BaseRepository.swift */; };
		A1A2ACDB27A8259E005C4DC9 /* AnimeRepository.swift in Sources */ = {isa = PBXBuildFile; fileRef = A1A2ACDA27A8259E005C4DC9 /* AnimeRepository.swift */; };
		A1A2ACE127A82A35005C4DC9 /* Anime.swift in Sources */ = {isa = PBXBuildFile; fileRef = A1A2ACE027A82A35005C4DC9 /* Anime.swift */; };
		A1A2ACE327A82B92005C4DC9 /* AnimeViewModel.swift in Sources */ = {isa = PBXBuildFile; fileRef = A1A2ACE227A82B92005C4DC9 /* AnimeViewModel.swift */; };
		A1D8B96A27A402D7008E56E5 /* graphqlexampleApp.swift in Sources */ = {isa = PBXBuildFile; fileRef = A1D8B96927A402D7008E56E5 /* graphqlexampleApp.swift */; };
		A1D8B96C27A402D7008E56E5 /* ContentView.swift in Sources */ = {isa = PBXBuildFile; fileRef = A1D8B96B27A402D7008E56E5 /* ContentView.swift */; };
		A1D8B96E27A402DB008E56E5 /* Assets.xcassets in Resources */ = {isa = PBXBuildFile; fileRef = A1D8B96D27A402DB008E56E5 /* Assets.xcassets */; };
		A1D8B97127A402DB008E56E5 /* Preview Assets.xcassets in Resources */ = {isa = PBXBuildFile; fileRef = A1D8B97027A402DB008E56E5 /* Preview Assets.xcassets */; };
		A1D8B97B27A402DC008E56E5 /* graphqlexampleTests.swift in Sources */ = {isa = PBXBuildFile; fileRef = A1D8B97A27A402DC008E56E5 /* graphqlexampleTests.swift */; };
		A1D8B98527A402DC008E56E5 /* graphqlexampleUITests.swift in Sources */ = {isa = PBXBuildFile; fileRef = A1D8B98427A402DC008E56E5 /* graphqlexampleUITests.swift */; };
		A1D8B98727A402DC008E56E5 /* graphqlexampleUITestsLaunchTests.swift in Sources */ = {isa = PBXBuildFile; fileRef = A1D8B98627A402DC008E56E5 /* graphqlexampleUITestsLaunchTests.swift */; };
/* End PBXBuildFile section */

/* Begin PBXContainerItemProxy section */
		A1D8B97727A402DC008E56E5 /* PBXContainerItemProxy */ = {
			isa = PBXContainerItemProxy;
			containerPortal = A1D8B95E27A402D7008E56E5 /* Project object */;
			proxyType = 1;
			remoteGlobalIDString = A1D8B96527A402D7008E56E5;
			remoteInfo = graphqlexample;
		};
		A1D8B98127A402DC008E56E5 /* PBXContainerItemProxy */ = {
			isa = PBXContainerItemProxy;
			containerPortal = A1D8B95E27A402D7008E56E5 /* Project object */;
			proxyType = 1;
			remoteGlobalIDString = A1D8B96527A402D7008E56E5;
			remoteInfo = graphqlexample;
		};
/* End PBXContainerItemProxy section */

/* Begin PBXFileReference section */
		955FCEBBAF9D8EC2A2239AEB /* Pods_graphqlexample.framework */ = {isa = PBXFileReference; explicitFileType = wrapper.framework; includeInIndex = 0; path = Pods_graphqlexample.framework; sourceTree = BUILT_PRODUCTS_DIR; };
		9CF5AF65E78F842B06BDC762 /* Pods-graphqlexample.release.xcconfig */ = {isa = PBXFileReference; includeInIndex = 1; lastKnownFileType = text.xcconfig; name = "Pods-graphqlexample.release.xcconfig"; path = "Target Support Files/Pods-graphqlexample/Pods-graphqlexample.release.xcconfig"; sourceTree = "<group>"; };
		A11BA1B927A97514003DBED2 /* CardView.swift */ = {isa = PBXFileReference; lastKnownFileType = sourcecode.swift; path = CardView.swift; sourceTree = "<group>"; };
		A1A2ACB927A80BE2005C4DC9 /* queries.graphql */ = {isa = PBXFileReference; fileEncoding = 4; lastKnownFileType = text; path = queries.graphql; sourceTree = "<group>"; };
		A1A2ACCD27A816D9005C4DC9 /* Podfile */ = {isa = PBXFileReference; fileEncoding = 4; lastKnownFileType = text; path = Podfile; sourceTree = SOURCE_ROOT; xcLanguageSpecificationIdentifier = xcode.lang.ruby; };
		A1A2ACD227A8180E005C4DC9 /* API.swift */ = {isa = PBXFileReference; fileEncoding = 4; lastKnownFileType = sourcecode.swift; path = API.swift; sourceTree = "<group>"; };
		A1A2ACD527A823ED005C4DC9 /* NetworkClient.swift */ = {isa = PBXFileReference; lastKnownFileType = sourcecode.swift; path = NetworkClient.swift; sourceTree = "<group>"; };
		A1A2ACD827A82567005C4DC9 /* BaseRepository.swift */ = {isa = PBXFileReference; lastKnownFileType = sourcecode.swift; path = BaseRepository.swift; sourceTree = "<group>"; };
		A1A2ACDA27A8259E005C4DC9 /* AnimeRepository.swift */ = {isa = PBXFileReference; lastKnownFileType = sourcecode.swift; path = AnimeRepository.swift; sourceTree = "<group>"; };
		A1A2ACE027A82A35005C4DC9 /* Anime.swift */ = {isa = PBXFileReference; lastKnownFileType = sourcecode.swift; path = Anime.swift; sourceTree = "<group>"; };
		A1A2ACE227A82B92005C4DC9 /* AnimeViewModel.swift */ = {isa = PBXFileReference; lastKnownFileType = sourcecode.swift; path = AnimeViewModel.swift; sourceTree = "<group>"; };
		A1D8B96627A402D7008E56E5 /* graphqlexample.app */ = {isa = PBXFileReference; explicitFileType = wrapper.application; includeInIndex = 0; path = graphqlexample.app; sourceTree = BUILT_PRODUCTS_DIR; };
		A1D8B96927A402D7008E56E5 /* graphqlexampleApp.swift */ = {isa = PBXFileReference; lastKnownFileType = sourcecode.swift; path = graphqlexampleApp.swift; sourceTree = "<group>"; };
		A1D8B96B27A402D7008E56E5 /* ContentView.swift */ = {isa = PBXFileReference; lastKnownFileType = sourcecode.swift; path = ContentView.swift; sourceTree = "<group>"; };
		A1D8B96D27A402DB008E56E5 /* Assets.xcassets */ = {isa = PBXFileReference; lastKnownFileType = folder.assetcatalog; path = Assets.xcassets; sourceTree = "<group>"; };
		A1D8B97027A402DB008E56E5 /* Preview Assets.xcassets */ = {isa = PBXFileReference; lastKnownFileType = folder.assetcatalog; path = "Preview Assets.xcassets"; sourceTree = "<group>"; };
		A1D8B97627A402DC008E56E5 /* graphqlexampleTests.xctest */ = {isa = PBXFileReference; explicitFileType = wrapper.cfbundle; includeInIndex = 0; path = graphqlexampleTests.xctest; sourceTree = BUILT_PRODUCTS_DIR; };
		A1D8B97A27A402DC008E56E5 /* graphqlexampleTests.swift */ = {isa = PBXFileReference; lastKnownFileType = sourcecode.swift; path = graphqlexampleTests.swift; sourceTree = "<group>"; };
		A1D8B98027A402DC008E56E5 /* graphqlexampleUITests.xctest */ = {isa = PBXFileReference; explicitFileType = wrapper.cfbundle; includeInIndex = 0; path = graphqlexampleUITests.xctest; sourceTree = BUILT_PRODUCTS_DIR; };
		A1D8B98427A402DC008E56E5 /* graphqlexampleUITests.swift */ = {isa = PBXFileReference; lastKnownFileType = sourcecode.swift; path = graphqlexampleUITests.swift; sourceTree = "<group>"; };
		A1D8B98627A402DC008E56E5 /* graphqlexampleUITestsLaunchTests.swift */ = {isa = PBXFileReference; lastKnownFileType = sourcecode.swift; path = graphqlexampleUITestsLaunchTests.swift; sourceTree = "<group>"; };
		E48D1C25870EA3901821AF4B /* Pods-graphqlexample.debug.xcconfig */ = {isa = PBXFileReference; includeInIndex = 1; lastKnownFileType = text.xcconfig; name = "Pods-graphqlexample.debug.xcconfig"; path = "Target Support Files/Pods-graphqlexample/Pods-graphqlexample.debug.xcconfig"; sourceTree = "<group>"; };
/* End PBXFileReference section */

/* Begin PBXFrameworksBuildPhase section */
		A1D8B96327A402D7008E56E5 /* Frameworks */ = {
			isa = PBXFrameworksBuildPhase;
			buildActionMask = 2147483647;
			files = (
				35985D3F7A5ABB45206C5738 /* Pods_graphqlexample.framework in Frameworks */,
			);
			runOnlyForDeploymentPostprocessing = 0;
		};
		A1D8B97327A402DC008E56E5 /* Frameworks */ = {
			isa = PBXFrameworksBuildPhase;
			buildActionMask = 2147483647;
			files = (
			);
			runOnlyForDeploymentPostprocessing = 0;
		};
		A1D8B97D27A402DC008E56E5 /* Frameworks */ = {
			isa = PBXFrameworksBuildPhase;
			buildActionMask = 2147483647;
			files = (
			);
			runOnlyForDeploymentPostprocessing = 0;
		};
/* End PBXFrameworksBuildPhase section */

/* Begin PBXGroup section */
		A11BA1B827A974F6003DBED2 /* Views */ = {
			isa = PBXGroup;
			children = (
				A11BA1B927A97514003DBED2 /* CardView.swift */,
			);
			path = Views;
			sourceTree = "<group>";
		};
		A1A2ACCF27A817EE005C4DC9 /* GraphQL */ = {
			isa = PBXGroup;
			children = (
				A1A2ACD227A8180E005C4DC9 /* API.swift */,
				A1A2ACB927A80BE2005C4DC9 /* queries.graphql */,
			);
			path = GraphQL;
			sourceTree = "<group>";
		};
		A1A2ACD427A823DE005C4DC9 /* Network */ = {
			isa = PBXGroup;
			children = (
				A1A2ACD527A823ED005C4DC9 /* NetworkClient.swift */,
			);
			path = Network;
			sourceTree = "<group>";
		};
		A1A2ACD727A824F8005C4DC9 /* Repository */ = {
			isa = PBXGroup;
			children = (
				A1A2ACD827A82567005C4DC9 /* BaseRepository.swift */,
				A1A2ACDA27A8259E005C4DC9 /* AnimeRepository.swift */,
			);
			path = Repository;
			sourceTree = "<group>";
		};
		A1A2ACDC27A825B8005C4DC9 /* ViewModel */ = {
			isa = PBXGroup;
			children = (
				A1A2ACE227A82B92005C4DC9 /* AnimeViewModel.swift */,
			);
			path = ViewModel;
			sourceTree = "<group>";
		};
		A1A2ACDD27A825BE005C4DC9 /* Models */ = {
			isa = PBXGroup;
			children = (
				A1A2ACE027A82A35005C4DC9 /* Anime.swift */,
			);
			path = Models;
			sourceTree = "<group>";
		};
		A1D8B95D27A402D7008E56E5 = {
			isa = PBXGroup;
			children = (
				A1D8B96827A402D7008E56E5 /* graphqlexample */,
				A1A2ACCD27A816D9005C4DC9 /* Podfile */,
				A1D8B97927A402DC008E56E5 /* graphqlexampleTests */,
				A1D8B98327A402DC008E56E5 /* graphqlexampleUITests */,
				A1D8B96727A402D7008E56E5 /* Products */,
				B8891BE45AFE8F8ED664D141 /* Pods */,
				B998D7F3D40205B5DAAE33F8 /* Frameworks */,
			);
			sourceTree = "<group>";
		};
		A1D8B96727A402D7008E56E5 /* Products */ = {
			isa = PBXGroup;
			children = (
				A1D8B96627A402D7008E56E5 /* graphqlexample.app */,
				A1D8B97627A402DC008E56E5 /* graphqlexampleTests.xctest */,
				A1D8B98027A402DC008E56E5 /* graphqlexampleUITests.xctest */,
			);
			name = Products;
			sourceTree = "<group>";
		};
		A1D8B96827A402D7008E56E5 /* graphqlexample */ = {
			isa = PBXGroup;
			children = (
				A1A2ACCF27A817EE005C4DC9 /* GraphQL */,
				A1A2ACDD27A825BE005C4DC9 /* Models */,
				A1A2ACD427A823DE005C4DC9 /* Network */,
				A1A2ACD727A824F8005C4DC9 /* Repository */,
				A11BA1B827A974F6003DBED2 /* Views */,
				A1A2ACDC27A825B8005C4DC9 /* ViewModel */,
				A1D8B96927A402D7008E56E5 /* graphqlexampleApp.swift */,
				A1D8B96B27A402D7008E56E5 /* ContentView.swift */,
				A1D8B96D27A402DB008E56E5 /* Assets.xcassets */,
				A1D8B96F27A402DB008E56E5 /* Preview Content */,
			);
			path = graphqlexample;
			sourceTree = "<group>";
		};
		A1D8B96F27A402DB008E56E5 /* Preview Content */ = {
			isa = PBXGroup;
			children = (
				A1D8B97027A402DB008E56E5 /* Preview Assets.xcassets */,
			);
			path = "Preview Content";
			sourceTree = "<group>";
		};
		A1D8B97927A402DC008E56E5 /* graphqlexampleTests */ = {
			isa = PBXGroup;
			children = (
				A1D8B97A27A402DC008E56E5 /* graphqlexampleTests.swift */,
			);
			path = graphqlexampleTests;
			sourceTree = "<group>";
		};
		A1D8B98327A402DC008E56E5 /* graphqlexampleUITests */ = {
			isa = PBXGroup;
			children = (
				A1D8B98427A402DC008E56E5 /* graphqlexampleUITests.swift */,
				A1D8B98627A402DC008E56E5 /* graphqlexampleUITestsLaunchTests.swift */,
			);
			path = graphqlexampleUITests;
			sourceTree = "<group>";
		};
		B8891BE45AFE8F8ED664D141 /* Pods */ = {
			isa = PBXGroup;
			children = (
				E48D1C25870EA3901821AF4B /* Pods-graphqlexample.debug.xcconfig */,
				9CF5AF65E78F842B06BDC762 /* Pods-graphqlexample.release.xcconfig */,
			);
			path = Pods;
			sourceTree = "<group>";
		};
		B998D7F3D40205B5DAAE33F8 /* Frameworks */ = {
			isa = PBXGroup;
			children = (
				955FCEBBAF9D8EC2A2239AEB /* Pods_graphqlexample.framework */,
			);
			name = Frameworks;
			sourceTree = "<group>";
		};
/* End PBXGroup section */

/* Begin PBXNativeTarget section */
		A1D8B96527A402D7008E56E5 /* graphqlexample */ = {
			isa = PBXNativeTarget;
			buildConfigurationList = A1D8B98A27A402DC008E56E5 /* Build configuration list for PBXNativeTarget "graphqlexample" */;
			buildPhases = (
				22ADA0C0AC7ADBF5AAB52CF8 /* [CP] Check Pods Manifest.lock */,
				A1D8B9A927A4133B008E56E5 /* Generate Apollo GraphQL API */,
				A1D8B96227A402D7008E56E5 /* Sources */,
				A1D8B96327A402D7008E56E5 /* Frameworks */,
				A1D8B96427A402D7008E56E5 /* Resources */,
				CC6A2F7A6025E9298874155F /* [CP] Embed Pods Frameworks */,
			);
			buildRules = (
			);
			dependencies = (
			);
			name = graphqlexample;
			productName = graphqlexample;
			productReference = A1D8B96627A402D7008E56E5 /* graphqlexample.app */;
			productType = "com.apple.product-type.application";
		};
		A1D8B97527A402DC008E56E5 /* graphqlexampleTests */ = {
			isa = PBXNativeTarget;
			buildConfigurationList = A1D8B98D27A402DC008E56E5 /* Build configuration list for PBXNativeTarget "graphqlexampleTests" */;
			buildPhases = (
				A1D8B97227A402DC008E56E5 /* Sources */,
				A1D8B97327A402DC008E56E5 /* Frameworks */,
				A1D8B97427A402DC008E56E5 /* Resources */,
			);
			buildRules = (
			);
			dependencies = (
				A1D8B97827A402DC008E56E5 /* PBXTargetDependency */,
			);
			name = graphqlexampleTests;
			productName = graphqlexampleTests;
			productReference = A1D8B97627A402DC008E56E5 /* graphqlexampleTests.xctest */;
			productType = "com.apple.product-type.bundle.unit-test";
		};
		A1D8B97F27A402DC008E56E5 /* graphqlexampleUITests */ = {
			isa = PBXNativeTarget;
			buildConfigurationList = A1D8B99027A402DC008E56E5 /* Build configuration list for PBXNativeTarget "graphqlexampleUITests" */;
			buildPhases = (
				A1D8B97C27A402DC008E56E5 /* Sources */,
				A1D8B97D27A402DC008E56E5 /* Frameworks */,
				A1D8B97E27A402DC008E56E5 /* Resources */,
			);
			buildRules = (
			);
			dependencies = (
				A1D8B98227A402DC008E56E5 /* PBXTargetDependency */,
			);
			name = graphqlexampleUITests;
			productName = graphqlexampleUITests;
			productReference = A1D8B98027A402DC008E56E5 /* graphqlexampleUITests.xctest */;
			productType = "com.apple.product-type.bundle.ui-testing";
		};
/* End PBXNativeTarget section */

/* Begin PBXProject section */
		A1D8B95E27A402D7008E56E5 /* Project object */ = {
			isa = PBXProject;
			attributes = {
				BuildIndependentTargetsInParallel = 1;
				LastSwiftUpdateCheck = 1310;
				LastUpgradeCheck = 1310;
				TargetAttributes = {
					A1D8B96527A402D7008E56E5 = {
						CreatedOnToolsVersion = 13.1;
					};
					A1D8B97527A402DC008E56E5 = {
						CreatedOnToolsVersion = 13.1;
						TestTargetID = A1D8B96527A402D7008E56E5;
					};
					A1D8B97F27A402DC008E56E5 = {
						CreatedOnToolsVersion = 13.1;
						TestTargetID = A1D8B96527A402D7008E56E5;
					};
				};
			};
			buildConfigurationList = A1D8B96127A402D7008E56E5 /* Build configuration list for PBXProject "graphqlexample" */;
			compatibilityVersion = "Xcode 13.0";
			developmentRegion = en;
			hasScannedForEncodings = 0;
			knownRegions = (
				en,
				Base,
			);
			mainGroup = A1D8B95D27A402D7008E56E5;
			productRefGroup = A1D8B96727A402D7008E56E5 /* Products */;
			projectDirPath = "";
			projectRoot = "";
			targets = (
				A1D8B96527A402D7008E56E5 /* graphqlexample */,
				A1D8B97527A402DC008E56E5 /* graphqlexampleTests */,
				A1D8B97F27A402DC008E56E5 /* graphqlexampleUITests */,
			);
		};
/* End PBXProject section */

/* Begin PBXResourcesBuildPhase section */
		A1D8B96427A402D7008E56E5 /* Resources */ = {
			isa = PBXResourcesBuildPhase;
			buildActionMask = 2147483647;
			files = (
				A1D8B97127A402DB008E56E5 /* Preview Assets.xcassets in Resources */,
				A1A2ACBA27A80BE2005C4DC9 /* queries.graphql in Resources */,
				A1A2ACCE27A816D9005C4DC9 /* Podfile in Resources */,
				A1D8B96E27A402DB008E56E5 /* Assets.xcassets in Resources */,
			);
			runOnlyForDeploymentPostprocessing = 0;
		};
		A1D8B97427A402DC008E56E5 /* Resources */ = {
			isa = PBXResourcesBuildPhase;
			buildActionMask = 2147483647;
			files = (
			);
			runOnlyForDeploymentPostprocessing = 0;
		};
		A1D8B97E27A402DC008E56E5 /* Resources */ = {
			isa = PBXResourcesBuildPhase;
			buildActionMask = 2147483647;
			files = (
			);
			runOnlyForDeploymentPostprocessing = 0;
		};
/* End PBXResourcesBuildPhase section */

/* Begin PBXShellScriptBuildPhase section */
		22ADA0C0AC7ADBF5AAB52CF8 /* [CP] Check Pods Manifest.lock */ = {
			isa = PBXShellScriptBuildPhase;
			buildActionMask = 2147483647;
			files = (
			);
			inputFileListPaths = (
			);
			inputPaths = (
				"${PODS_PODFILE_DIR_PATH}/Podfile.lock",
				"${PODS_ROOT}/Manifest.lock",
			);
			name = "[CP] Check Pods Manifest.lock";
			outputFileListPaths = (
			);
			outputPaths = (
				"$(DERIVED_FILE_DIR)/Pods-graphqlexample-checkManifestLockResult.txt",
			);
			runOnlyForDeploymentPostprocessing = 0;
			shellPath = /bin/sh;
			shellScript = "diff \"${PODS_PODFILE_DIR_PATH}/Podfile.lock\" \"${PODS_ROOT}/Manifest.lock\" > /dev/null\nif [ $? != 0 ] ; then\n    # print error to STDERR\n    echo \"error: The sandbox is not in sync with the Podfile.lock. Run 'pod install' or update your CocoaPods installation.\" >&2\n    exit 1\nfi\n# This output is used by Xcode 'outputs' to avoid re-running this script phase.\necho \"SUCCESS\" > \"${SCRIPT_OUTPUT_FILE_0}\"\n";
			showEnvVarsInLog = 0;
		};
		A1D8B9A927A4133B008E56E5 /* Generate Apollo GraphQL API */ = {
			isa = PBXShellScriptBuildPhase;
			buildActionMask = 2147483647;
			files = (
			);
			inputFileListPaths = (
			);
			inputPaths = (
			);
			name = "Generate Apollo GraphQL API";
			outputFileListPaths = (
			);
			outputPaths = (
			);
			runOnlyForDeploymentPostprocessing = 0;
			shellPath = /bin/sh;
			shellScript = "# Don't run this during index builds\nif [ $ACTION = \"indexbuild\" ]; then exit 0; fi\n\nSCRIPT_PATH=\"${PODS_ROOT}/Apollo/scripts\"\ncd \"${SRCROOT}/${TARGET_NAME}\"\n\"${SCRIPT_PATH}\"/run-bundled-codegen.sh codegen:generate --target=swift --includes=./**/*.graphql --localSchemaFile=\"schema.json\" API.swift\n";
		};
		CC6A2F7A6025E9298874155F /* [CP] Embed Pods Frameworks */ = {
			isa = PBXShellScriptBuildPhase;
			buildActionMask = 2147483647;
			files = (
			);
			inputFileListPaths = (
				"${PODS_ROOT}/Target Support Files/Pods-graphqlexample/Pods-graphqlexample-frameworks-${CONFIGURATION}-input-files.xcfilelist",
			);
			name = "[CP] Embed Pods Frameworks";
			outputFileListPaths = (
				"${PODS_ROOT}/Target Support Files/Pods-graphqlexample/Pods-graphqlexample-frameworks-${CONFIGURATION}-output-files.xcfilelist",
			);
			runOnlyForDeploymentPostprocessing = 0;
			shellPath = /bin/sh;
			shellScript = "\"${PODS_ROOT}/Target Support Files/Pods-graphqlexample/Pods-graphqlexample-frameworks.sh\"\n";
			showEnvVarsInLog = 0;
		};
/* End PBXShellScriptBuildPhase section */

/* Begin PBXSourcesBuildPhase section */
		A1D8B96227A402D7008E56E5 /* Sources */ = {
			isa = PBXSourcesBuildPhase;
			buildActionMask = 2147483647;
			files = (
				A1D8B96C27A402D7008E56E5 /* ContentView.swift in Sources */,
				A11BA1BA27A97514003DBED2 /* CardView.swift in Sources */,
				A1A2ACD327A8180E005C4DC9 /* API.swift in Sources */,
				A1D8B96A27A402D7008E56E5 /* graphqlexampleApp.swift in Sources */,
				A1A2ACE127A82A35005C4DC9 /* Anime.swift in Sources */,
				A1A2ACD927A82567005C4DC9 /* BaseRepository.swift in Sources */,
				A1A2ACE327A82B92005C4DC9 /* AnimeViewModel.swift in Sources */,
				A1A2ACDB27A8259E005C4DC9 /* AnimeRepository.swift in Sources */,
				A1A2ACD627A823ED005C4DC9 /* NetworkClient.swift in Sources */,
			);
			runOnlyForDeploymentPostprocessing = 0;
		};
		A1D8B97227A402DC008E56E5 /* Sources */ = {
			isa = PBXSourcesBuildPhase;
			buildActionMask = 2147483647;
			files = (
				A1D8B97B27A402DC008E56E5 /* graphqlexampleTests.swift in Sources */,
			);
			runOnlyForDeploymentPostprocessing = 0;
		};
		A1D8B97C27A402DC008E56E5 /* Sources */ = {
			isa = PBXSourcesBuildPhase;
			buildActionMask = 2147483647;
			files = (
				A1D8B98527A402DC008E56E5 /* graphqlexampleUITests.swift in Sources */,
				A1D8B98727A402DC008E56E5 /* graphqlexampleUITestsLaunchTests.swift in Sources */,
			);
			runOnlyForDeploymentPostprocessing = 0;
		};
/* End PBXSourcesBuildPhase section */

/* Begin PBXTargetDependency section */
		A1D8B97827A402DC008E56E5 /* PBXTargetDependency */ = {
			isa = PBXTargetDependency;
			target = A1D8B96527A402D7008E56E5 /* graphqlexample */;
			targetProxy = A1D8B97727A402DC008E56E5 /* PBXContainerItemProxy */;
		};
		A1D8B98227A402DC008E56E5 /* PBXTargetDependency */ = {
			isa = PBXTargetDependency;
			target = A1D8B96527A402D7008E56E5 /* graphqlexample */;
			targetProxy = A1D8B98127A402DC008E56E5 /* PBXContainerItemProxy */;
		};
/* End PBXTargetDependency section */

/* Begin XCBuildConfiguration section */
		A1D8B98827A402DC008E56E5 /* Debug */ = {
			isa = XCBuildConfiguration;
			buildSettings = {
				ALWAYS_SEARCH_USER_PATHS = NO;
				CLANG_ANALYZER_NONNULL = YES;
				CLANG_ANALYZER_NUMBER_OBJECT_CONVERSION = YES_AGGRESSIVE;
				CLANG_CXX_LANGUAGE_STANDARD = "gnu++17";
				CLANG_CXX_LIBRARY = "libc++";
				CLANG_ENABLE_MODULES = YES;
				CLANG_ENABLE_OBJC_ARC = YES;
				CLANG_ENABLE_OBJC_WEAK = YES;
				CLANG_WARN_BLOCK_CAPTURE_AUTORELEASING = YES;
				CLANG_WARN_BOOL_CONVERSION = YES;
				CLANG_WARN_COMMA = YES;
				CLANG_WARN_CONSTANT_CONVERSION = YES;
				CLANG_WARN_DEPRECATED_OBJC_IMPLEMENTATIONS = YES;
				CLANG_WARN_DIRECT_OBJC_ISA_USAGE = YES_ERROR;
				CLANG_WARN_DOCUMENTATION_COMMENTS = YES;
				CLANG_WARN_EMPTY_BODY = YES;
				CLANG_WARN_ENUM_CONVERSION = YES;
				CLANG_WARN_INFINITE_RECURSION = YES;
				CLANG_WARN_INT_CONVERSION = YES;
				CLANG_WARN_NON_LITERAL_NULL_CONVERSION = YES;
				CLANG_WARN_OBJC_IMPLICIT_RETAIN_SELF = YES;
				CLANG_WARN_OBJC_LITERAL_CONVERSION = YES;
				CLANG_WARN_OBJC_ROOT_CLASS = YES_ERROR;
				CLANG_WARN_QUOTED_INCLUDE_IN_FRAMEWORK_HEADER = YES;
				CLANG_WARN_RANGE_LOOP_ANALYSIS = YES;
				CLANG_WARN_STRICT_PROTOTYPES = YES;
				CLANG_WARN_SUSPICIOUS_MOVE = YES;
				CLANG_WARN_UNGUARDED_AVAILABILITY = YES_AGGRESSIVE;
				CLANG_WARN_UNREACHABLE_CODE = YES;
				CLANG_WARN__DUPLICATE_METHOD_MATCH = YES;
				COPY_PHASE_STRIP = NO;
				DEBUG_INFORMATION_FORMAT = dwarf;
				ENABLE_STRICT_OBJC_MSGSEND = YES;
				ENABLE_TESTABILITY = YES;
				GCC_C_LANGUAGE_STANDARD = gnu11;
				GCC_DYNAMIC_NO_PIC = NO;
				GCC_NO_COMMON_BLOCKS = YES;
				GCC_OPTIMIZATION_LEVEL = 0;
				GCC_PREPROCESSOR_DEFINITIONS = (
					"DEBUG=1",
					"$(inherited)",
				);
				GCC_WARN_64_TO_32_BIT_CONVERSION = YES;
				GCC_WARN_ABOUT_RETURN_TYPE = YES_ERROR;
				GCC_WARN_UNDECLARED_SELECTOR = YES;
				GCC_WARN_UNINITIALIZED_AUTOS = YES_AGGRESSIVE;
				GCC_WARN_UNUSED_FUNCTION = YES;
				GCC_WARN_UNUSED_VARIABLE = YES;
				IPHONEOS_DEPLOYMENT_TARGET = 15.0;
				MTL_ENABLE_DEBUG_INFO = INCLUDE_SOURCE;
				MTL_FAST_MATH = YES;
				ONLY_ACTIVE_ARCH = YES;
				SDKROOT = iphoneos;
				SWIFT_ACTIVE_COMPILATION_CONDITIONS = DEBUG;
				SWIFT_OPTIMIZATION_LEVEL = "-Onone";
			};
			name = Debug;
		};
		A1D8B98927A402DC008E56E5 /* Release */ = {
			isa = XCBuildConfiguration;
			buildSettings = {
				ALWAYS_SEARCH_USER_PATHS = NO;
				CLANG_ANALYZER_NONNULL = YES;
				CLANG_ANALYZER_NUMBER_OBJECT_CONVERSION = YES_AGGRESSIVE;
				CLANG_CXX_LANGUAGE_STANDARD = "gnu++17";
				CLANG_CXX_LIBRARY = "libc++";
				CLANG_ENABLE_MODULES = YES;
				CLANG_ENABLE_OBJC_ARC = YES;
				CLANG_ENABLE_OBJC_WEAK = YES;
				CLANG_WARN_BLOCK_CAPTURE_AUTORELEASING = YES;
				CLANG_WARN_BOOL_CONVERSION = YES;
				CLANG_WARN_COMMA = YES;
				CLANG_WARN_CONSTANT_CONVERSION = YES;
				CLANG_WARN_DEPRECATED_OBJC_IMPLEMENTATIONS = YES;
				CLANG_WARN_DIRECT_OBJC_ISA_USAGE = YES_ERROR;
				CLANG_WARN_DOCUMENTATION_COMMENTS = YES;
				CLANG_WARN_EMPTY_BODY = YES;
				CLANG_WARN_ENUM_CONVERSION = YES;
				CLANG_WARN_INFINITE_RECURSION = YES;
				CLANG_WARN_INT_CONVERSION = YES;
				CLANG_WARN_NON_LITERAL_NULL_CONVERSION = YES;
				CLANG_WARN_OBJC_IMPLICIT_RETAIN_SELF = YES;
				CLANG_WARN_OBJC_LITERAL_CONVERSION = YES;
				CLANG_WARN_OBJC_ROOT_CLASS = YES_ERROR;
				CLANG_WARN_QUOTED_INCLUDE_IN_FRAMEWORK_HEADER = YES;
				CLANG_WARN_RANGE_LOOP_ANALYSIS = YES;
				CLANG_WARN_STRICT_PROTOTYPES = YES;
				CLANG_WARN_SUSPICIOUS_MOVE = YES;
				CLANG_WARN_UNGUARDED_AVAILABILITY = YES_AGGRESSIVE;
				CLANG_WARN_UNREACHABLE_CODE = YES;
				CLANG_WARN__DUPLICATE_METHOD_MATCH = YES;
				COPY_PHASE_STRIP = NO;
				DEBUG_INFORMATION_FORMAT = "dwarf-with-dsym";
				ENABLE_NS_ASSERTIONS = NO;
				ENABLE_STRICT_OBJC_MSGSEND = YES;
				GCC_C_LANGUAGE_STANDARD = gnu11;
				GCC_NO_COMMON_BLOCKS = YES;
				GCC_WARN_64_TO_32_BIT_CONVERSION = YES;
				GCC_WARN_ABOUT_RETURN_TYPE = YES_ERROR;
				GCC_WARN_UNDECLARED_SELECTOR = YES;
				GCC_WARN_UNINITIALIZED_AUTOS = YES_AGGRESSIVE;
				GCC_WARN_UNUSED_FUNCTION = YES;
				GCC_WARN_UNUSED_VARIABLE = YES;
				IPHONEOS_DEPLOYMENT_TARGET = 15.0;
				MTL_ENABLE_DEBUG_INFO = NO;
				MTL_FAST_MATH = YES;
				SDKROOT = iphoneos;
				SWIFT_COMPILATION_MODE = wholemodule;
				SWIFT_OPTIMIZATION_LEVEL = "-O";
				VALIDATE_PRODUCT = YES;
			};
			name = Release;
		};
		A1D8B98B27A402DC008E56E5 /* Debug */ = {
			isa = XCBuildConfiguration;
			baseConfigurationReference = E48D1C25870EA3901821AF4B /* Pods-graphqlexample.debug.xcconfig */;
			buildSettings = {
				ASSETCATALOG_COMPILER_APPICON_NAME = AppIcon;
				ASSETCATALOG_COMPILER_GLOBAL_ACCENT_COLOR_NAME = AccentColor;
				CODE_SIGN_STYLE = Automatic;
				CURRENT_PROJECT_VERSION = 1;
				DEVELOPMENT_ASSET_PATHS = "\"graphqlexample/Preview Content\"";
				DEVELOPMENT_TEAM = Y8J7EH82NK;
				ENABLE_PREVIEWS = YES;
				GENERATE_INFOPLIST_FILE = YES;
				INFOPLIST_KEY_UIApplicationSceneManifest_Generation = YES;
				INFOPLIST_KEY_UIApplicationSupportsIndirectInputEvents = YES;
				INFOPLIST_KEY_UILaunchScreen_Generation = YES;
				INFOPLIST_KEY_UISupportedInterfaceOrientations_iPad = "UIInterfaceOrientationPortrait UIInterfaceOrientationPortraitUpsideDown UIInterfaceOrientationLandscapeLeft UIInterfaceOrientationLandscapeRight";
				INFOPLIST_KEY_UISupportedInterfaceOrientations_iPhone = "UIInterfaceOrientationPortrait UIInterfaceOrientationLandscapeLeft UIInterfaceOrientationLandscapeRight";
				LD_RUNPATH_SEARCH_PATHS = (
					"$(inherited)",
					"@executable_path/Frameworks",
				);
				MARKETING_VERSION = 1.0;
				PRODUCT_BUNDLE_IDENTIFIER = com.frandelarosa.graphqlexample;
				PRODUCT_NAME = "$(TARGET_NAME)";
				SWIFT_EMIT_LOC_STRINGS = YES;
				SWIFT_VERSION = 5.0;
				TARGETED_DEVICE_FAMILY = "1,2";
			};
			name = Debug;
		};
		A1D8B98C27A402DC008E56E5 /* Release */ = {
			isa = XCBuildConfiguration;
			baseConfigurationReference = 9CF5AF65E78F842B06BDC762 /* Pods-graphqlexample.release.xcconfig */;
			buildSettings = {
				ASSETCATALOG_COMPILER_APPICON_NAME = AppIcon;
				ASSETCATALOG_COMPILER_GLOBAL_ACCENT_COLOR_NAME = AccentColor;
				CODE_SIGN_STYLE = Automatic;
				CURRENT_PROJECT_VERSION = 1;
				DEVELOPMENT_ASSET_PATHS = "\"graphqlexample/Preview Content\"";
				DEVELOPMENT_TEAM = Y8J7EH82NK;
				ENABLE_PREVIEWS = YES;
				GENERATE_INFOPLIST_FILE = YES;
				INFOPLIST_KEY_UIApplicationSceneManifest_Generation = YES;
				INFOPLIST_KEY_UIApplicationSupportsIndirectInputEvents = YES;
				INFOPLIST_KEY_UILaunchScreen_Generation = YES;
				INFOPLIST_KEY_UISupportedInterfaceOrientations_iPad = "UIInterfaceOrientationPortrait UIInterfaceOrientationPortraitUpsideDown UIInterfaceOrientationLandscapeLeft UIInterfaceOrientationLandscapeRight";
				INFOPLIST_KEY_UISupportedInterfaceOrientations_iPhone = "UIInterfaceOrientationPortrait UIInterfaceOrientationLandscapeLeft UIInterfaceOrientationLandscapeRight";
				LD_RUNPATH_SEARCH_PATHS = (
					"$(inherited)",
					"@executable_path/Frameworks",
				);
				MARKETING_VERSION = 1.0;
				PRODUCT_BUNDLE_IDENTIFIER = com.frandelarosa.graphqlexample;
				PRODUCT_NAME = "$(TARGET_NAME)";
				SWIFT_EMIT_LOC_STRINGS = YES;
				SWIFT_VERSION = 5.0;
				TARGETED_DEVICE_FAMILY = "1,2";
			};
			name = Release;
		};
		A1D8B98E27A402DC008E56E5 /* Debug */ = {
			isa = XCBuildConfiguration;
			buildSettings = {
				ALWAYS_EMBED_SWIFT_STANDARD_LIBRARIES = YES;
				BUNDLE_LOADER = "$(TEST_HOST)";
				CODE_SIGN_STYLE = Automatic;
				CURRENT_PROJECT_VERSION = 1;
				DEVELOPMENT_TEAM = Y8J7EH82NK;
				GENERATE_INFOPLIST_FILE = YES;
				IPHONEOS_DEPLOYMENT_TARGET = 15.0;
				LD_RUNPATH_SEARCH_PATHS = (
					"$(inherited)",
					"@executable_path/Frameworks",
					"@loader_path/Frameworks",
				);
				MARKETING_VERSION = 1.0;
				PRODUCT_BUNDLE_IDENTIFIER = com.frandelarosa.graphqlexampleTests;
				PRODUCT_NAME = "$(TARGET_NAME)";
				SWIFT_EMIT_LOC_STRINGS = NO;
				SWIFT_VERSION = 5.0;
				TARGETED_DEVICE_FAMILY = "1,2";
				TEST_HOST = "$(BUILT_PRODUCTS_DIR)/graphqlexample.app/graphqlexample";
			};
			name = Debug;
		};
		A1D8B98F27A402DC008E56E5 /* Release */ = {
			isa = XCBuildConfiguration;
			buildSettings = {
				ALWAYS_EMBED_SWIFT_STANDARD_LIBRARIES = YES;
				BUNDLE_LOADER = "$(TEST_HOST)";
				CODE_SIGN_STYLE = Automatic;
				CURRENT_PROJECT_VERSION = 1;
				DEVELOPMENT_TEAM = Y8J7EH82NK;
				GENERATE_INFOPLIST_FILE = YES;
				IPHONEOS_DEPLOYMENT_TARGET = 15.0;
				LD_RUNPATH_SEARCH_PATHS = (
					"$(inherited)",
					"@executable_path/Frameworks",
					"@loader_path/Frameworks",
				);
				MARKETING_VERSION = 1.0;
				PRODUCT_BUNDLE_IDENTIFIER = com.frandelarosa.graphqlexampleTests;
				PRODUCT_NAME = "$(TARGET_NAME)";
				SWIFT_EMIT_LOC_STRINGS = NO;
				SWIFT_VERSION = 5.0;
				TARGETED_DEVICE_FAMILY = "1,2";
				TEST_HOST = "$(BUILT_PRODUCTS_DIR)/graphqlexample.app/graphqlexample";
			};
			name = Release;
		};
		A1D8B99127A402DC008E56E5 /* Debug */ = {
			isa = XCBuildConfiguration;
			buildSettings = {
				ALWAYS_EMBED_SWIFT_STANDARD_LIBRARIES = YES;
				CODE_SIGN_STYLE = Automatic;
				CURRENT_PROJECT_VERSION = 1;
				DEVELOPMENT_TEAM = Y8J7EH82NK;
				GENERATE_INFOPLIST_FILE = YES;
				LD_RUNPATH_SEARCH_PATHS = (
					"$(inherited)",
					"@executable_path/Frameworks",
					"@loader_path/Frameworks",
				);
				MARKETING_VERSION = 1.0;
				PRODUCT_BUNDLE_IDENTIFIER = com.frandelarosa.graphqlexampleUITests;
				PRODUCT_NAME = "$(TARGET_NAME)";
				SWIFT_EMIT_LOC_STRINGS = NO;
				SWIFT_VERSION = 5.0;
				TARGETED_DEVICE_FAMILY = "1,2";
				TEST_TARGET_NAME = graphqlexample;
			};
			name = Debug;
		};
		A1D8B99227A402DC008E56E5 /* Release */ = {
			isa = XCBuildConfiguration;
			buildSettings = {
				ALWAYS_EMBED_SWIFT_STANDARD_LIBRARIES = YES;
				CODE_SIGN_STYLE = Automatic;
				CURRENT_PROJECT_VERSION = 1;
				DEVELOPMENT_TEAM = Y8J7EH82NK;
				GENERATE_INFOPLIST_FILE = YES;
				LD_RUNPATH_SEARCH_PATHS = (
					"$(inherited)",
					"@executable_path/Frameworks",
					"@loader_path/Frameworks",
				);
				MARKETING_VERSION = 1.0;
				PRODUCT_BUNDLE_IDENTIFIER = com.frandelarosa.graphqlexampleUITests;
				PRODUCT_NAME = "$(TARGET_NAME)";
				SWIFT_EMIT_LOC_STRINGS = NO;
				SWIFT_VERSION = 5.0;
				TARGETED_DEVICE_FAMILY = "1,2";
				TEST_TARGET_NAME = graphqlexample;
			};
			name = Release;
		};
/* End XCBuildConfiguration section */

/* Begin XCConfigurationList section */
		A1D8B96127A402D7008E56E5 /* Build configuration list for PBXProject "graphqlexample" */ = {
			isa = XCConfigurationList;
			buildConfigurations = (
				A1D8B98827A402DC008E56E5 /* Debug */,
				A1D8B98927A402DC008E56E5 /* Release */,
			);
			defaultConfigurationIsVisible = 0;
			defaultConfigurationName = Release;
		};
		A1D8B98A27A402DC008E56E5 /* Build configuration list for PBXNativeTarget "graphqlexample" */ = {
			isa = XCConfigurationList;
			buildConfigurations = (
				A1D8B98B27A402DC008E56E5 /* Debug */,
				A1D8B98C27A402DC008E56E5 /* Release */,
			);
			defaultConfigurationIsVisible = 0;
			defaultConfigurationName = Release;
		};
		A1D8B98D27A402DC008E56E5 /* Build configuration list for PBXNativeTarget "graphqlexampleTests" */ = {
			isa = XCConfigurationList;
			buildConfigurations = (
				A1D8B98E27A402DC008E56E5 /* Debug */,
				A1D8B98F27A402DC008E56E5 /* Release */,
			);
			defaultConfigurationIsVisible = 0;
			defaultConfigurationName = Release;
		};
		A1D8B99027A402DC008E56E5 /* Build configuration list for PBXNativeTarget "graphqlexampleUITests" */ = {
			isa = XCConfigurationList;
			buildConfigurations = (
				A1D8B99127A402DC008E56E5 /* Debug */,
				A1D8B99227A402DC008E56E5 /* Release */,
			);
			defaultConfigurationIsVisible = 0;
			defaultConfigurationName = Release;
		};
/* End XCConfigurationList section */
	};
	rootObject = A1D8B95E27A402D7008E56E5 /* Project object */;
}
